// !$*UTF8*$!
{
	archiveVersion = 1;
	classes = {
	};
	objectVersion = 77;
	objects = {

/* Begin PBXBuildFile section */
		07169A922F03C9E3001FDFF9 /* MLXLLM in Frameworks */ = {isa = PBXBuildFile; productRef = 07169A912F03C9E3001FDFF9 /* MLXLLM */; };
		07169A942F03C9F7001FDFF9 /* MLXLMCommon in Frameworks */ = {isa = PBXBuildFile; productRef = 07169A932F03C9F7001FDFF9 /* MLXLMCommon */; };
		07BC6AB82F0A989E004556AF /* MLX in Frameworks */ = {isa = PBXBuildFile; productRef = 07169A8F2F03C9CF001FDFF9 /* MLX */; };
		07MCP00012F0B0000001FDFF9 /* MCP in Frameworks */ = {isa = PBXBuildFile; productRef = 07MCP00022F0B0000001FDFF9 /* MCP */; };
/* End PBXBuildFile section */

/* Begin PBXContainerItemProxy section */
		071699952F02C691001FDFF9 /* PBXContainerItemProxy */ = {
			isa = PBXContainerItemProxy;
			containerPortal = 0716997D2F02C68F001FDFF9 /* Project object */;
			proxyType = 1;
			remoteGlobalIDString = 071699842F02C68F001FDFF9;
			remoteInfo = LAIA;
		};
		0716999F2F02C692001FDFF9 /* PBXContainerItemProxy */ = {
			isa = PBXContainerItemProxy;
			containerPortal = 0716997D2F02C68F001FDFF9 /* Project object */;
			proxyType = 1;
			remoteGlobalIDString = 071699842F02C68F001FDFF9;
			remoteInfo = LAIA;
		};
/* End PBXContainerItemProxy section */

/* Begin PBXCopyFilesBuildPhase section */
		070AB78D2F07DBB9004F05B3 /* Embed Frameworks */ = {
			isa = PBXCopyFilesBuildPhase;
			buildActionMask = 2147483647;
			dstPath = "";
			dstSubfolderSpec = 10;
			files = (
			);
			name = "Embed Frameworks";
			runOnlyForDeploymentPostprocessing = 0;
		};
/* End PBXCopyFilesBuildPhase section */

/* Begin PBXFileReference section */
		070ABFA12F093DE0004F05B3 /* KokoroTestApp.xcodeproj */ = {isa = PBXFileReference; lastKnownFileType = "wrapper.pb-project"; path = KokoroTestApp.xcodeproj; sourceTree = "<group>"; };
		071699852F02C68F001FDFF9 /* LAIA.app */ = {isa = PBXFileReference; explicitFileType = wrapper.application; includeInIndex = 0; path = LAIA.app; sourceTree = BUILT_PRODUCTS_DIR; };
		071699942F02C691001FDFF9 /* LAIATests.xctest */ = {isa = PBXFileReference; explicitFileType = wrapper.cfbundle; includeInIndex = 0; path = LAIATests.xctest; sourceTree = BUILT_PRODUCTS_DIR; };
		0716999E2F02C692001FDFF9 /* LAIAUITests.xctest */ = {isa = PBXFileReference; explicitFileType = wrapper.cfbundle; includeInIndex = 0; path = LAIAUITests.xctest; sourceTree = BUILT_PRODUCTS_DIR; };
/* End PBXFileReference section */

/* Begin PBXFileSystemSynchronizedBuildFileExceptionSet section */
		071699B82F02CC52001FDFF9 /* Exceptions for "LAIA" folder in "LAIA" target */ = {
			isa = PBXFileSystemSynchronizedBuildFileExceptionSet;
			membershipExceptions = (
				Info.plist,
			);
			target = 071699842F02C68F001FDFF9 /* LAIA */;
		};
/* End PBXFileSystemSynchronizedBuildFileExceptionSet section */

/* Begin PBXFileSystemSynchronizedRootGroup section */
		071699872F02C68F001FDFF9 /* LAIA */ = {
			isa = PBXFileSystemSynchronizedRootGroup;
			exceptions = (
				071699B82F02CC52001FDFF9 /* Exceptions for "LAIA" folder in "LAIA" target */,
			);
			path = LAIA;
			sourceTree = "<group>";
		};
		071699972F02C691001FDFF9 /* LAIATests */ = {
			isa = PBXFileSystemSynchronizedRootGroup;
			path = LAIATests;
			sourceTree = "<group>";
		};
		071699A12F02C692001FDFF9 /* LAIAUITests */ = {
			isa = PBXFileSystemSynchronizedRootGroup;
			path = LAIAUITests;
			sourceTree = "<group>";
		};
/* End PBXFileSystemSynchronizedRootGroup section */

/* Begin PBXFrameworksBuildPhase section */
		071699822F02C68F001FDFF9 /* Frameworks */ = {
			isa = PBXFrameworksBuildPhase;
			buildActionMask = 2147483647;
			files = (
				07BC6AB82F0A989E004556AF /* MLX in Frameworks */,
				07169A922F03C9E3001FDFF9 /* MLXLLM in Frameworks */,
				07169A942F03C9F7001FDFF9 /* MLXLMCommon in Frameworks */,
				07MCP00012F0B0000001FDFF9 /* MCP in Frameworks */,
			);
			runOnlyForDeploymentPostprocessing = 0;
		};
		071699912F02C691001FDFF9 /* Frameworks */ = {
			isa = PBXFrameworksBuildPhase;
			buildActionMask = 2147483647;
			files = (
			);
			runOnlyForDeploymentPostprocessing = 0;
		};
		0716999B2F02C692001FDFF9 /* Frameworks */ = {
			isa = PBXFrameworksBuildPhase;
			buildActionMask = 2147483647;
			files = (
			);
			runOnlyForDeploymentPostprocessing = 0;
		};
/* End PBXFrameworksBuildPhase section */

/* Begin PBXGroup section */
		070ABFA42F093DE0004F05B3 /* Products */ = {
			isa = PBXGroup;
			children = (
			);
			name = Products;
			sourceTree = "<group>";
		};
		0716997C2F02C68F001FDFF9 = {
			isa = PBXGroup;
			children = (
				071699872F02C68F001FDFF9 /* LAIA */,
				071699972F02C691001FDFF9 /* LAIATests */,
				071699A12F02C692001FDFF9 /* LAIAUITests */,
				07169A8E2F03C9CF001FDFF9 /* Frameworks */,
				071699862F02C68F001FDFF9 /* Products */,
			);
			sourceTree = "<group>";
		};
		071699862F02C68F001FDFF9 /* Products */ = {
			isa = PBXGroup;
			children = (
				071699852F02C68F001FDFF9 /* LAIA.app */,
				071699942F02C691001FDFF9 /* LAIATests.xctest */,
				0716999E2F02C692001FDFF9 /* LAIAUITests.xctest */,
			);
			name = Products;
			sourceTree = "<group>";
		};
		07169A8E2F03C9CF001FDFF9 /* Frameworks */ = {
			isa = PBXGroup;
			children = (
			);
			name = Frameworks;
			sourceTree = "<group>";
		};
/* End PBXGroup section */

/* Begin PBXNativeTarget section */
		071699842F02C68F001FDFF9 /* LAIA */ = {
			isa = PBXNativeTarget;
			buildConfigurationList = 071699A82F02C692001FDFF9 /* Build configuration list for PBXNativeTarget "LAIA" */;
			buildPhases = (
				071699812F02C68F001FDFF9 /* Sources */,
				071699822F02C68F001FDFF9 /* Frameworks */,
				071699832F02C68F001FDFF9 /* Resources */,
				070AB78D2F07DBB9004F05B3 /* Embed Frameworks */,
			);
			buildRules = (
			);
			dependencies = (
			);
			fileSystemSynchronizedGroups = (
				071699872F02C68F001FDFF9 /* LAIA */,
			);
			name = LAIA;
			packageProductDependencies = (
				07169A8F2F03C9CF001FDFF9 /* MLX */,
				07169A912F03C9E3001FDFF9 /* MLXLLM */,
				07169A932F03C9F7001FDFF9 /* MLXLMCommon */,
				07MCP00022F0B0000001FDFF9 /* MCP */,
			);
			productName = LAIA;
			productReference = 071699852F02C68F001FDFF9 /* LAIA.app */;
			productType = "com.apple.product-type.application";
		};
		071699932F02C691001FDFF9 /* LAIATests */ = {
			isa = PBXNativeTarget;
			buildConfigurationList = 071699AB2F02C692001FDFF9 /* Build configuration list for PBXNativeTarget "LAIATests" */;
			buildPhases = (
				071699902F02C691001FDFF9 /* Sources */,
				071699912F02C691001FDFF9 /* Frameworks */,
				071699922F02C691001FDFF9 /* Resources */,
			);
			buildRules = (
			);
			dependencies = (
				071699962F02C691001FDFF9 /* PBXTargetDependency */,
			);
			fileSystemSynchronizedGroups = (
				071699972F02C691001FDFF9 /* LAIATests */,
			);
			name = LAIATests;
			packageProductDependencies = (
			);
			productName = LAIATests;
			productReference = 071699942F02C691001FDFF9 /* LAIATests.xctest */;
			productType = "com.apple.product-type.bundle.unit-test";
		};
		0716999D2F02C692001FDFF9 /* LAIAUITests */ = {
			isa = PBXNativeTarget;
			buildConfigurationList = 071699AE2F02C692001FDFF9 /* Build configuration list for PBXNativeTarget "LAIAUITests" */;
			buildPhases = (
				0716999A2F02C692001FDFF9 /* Sources */,
				0716999B2F02C692001FDFF9 /* Frameworks */,
				0716999C2F02C692001FDFF9 /* Resources */,
			);
			buildRules = (
			);
			dependencies = (
				071699A02F02C692001FDFF9 /* PBXTargetDependency */,
			);
			fileSystemSynchronizedGroups = (
				071699A12F02C692001FDFF9 /* LAIAUITests */,
			);
			name = LAIAUITests;
			packageProductDependencies = (
			);
			productName = LAIAUITests;
			productReference = 0716999E2F02C692001FDFF9 /* LAIAUITests.xctest */;
			productType = "com.apple.product-type.bundle.ui-testing";
		};
/* End PBXNativeTarget section */

/* Begin PBXProject section */
		0716997D2F02C68F001FDFF9 /* Project object */ = {
			isa = PBXProject;
			attributes = {
				BuildIndependentTargetsInParallel = 1;
				LastSwiftUpdateCheck = 2620;
				LastUpgradeCheck = 2620;
				TargetAttributes = {
					071699842F02C68F001FDFF9 = {
						CreatedOnToolsVersion = 26.2;
					};
					071699932F02C691001FDFF9 = {
						CreatedOnToolsVersion = 26.2;
						TestTargetID = 071699842F02C68F001FDFF9;
					};
					0716999D2F02C692001FDFF9 = {
						CreatedOnToolsVersion = 26.2;
						TestTargetID = 071699842F02C68F001FDFF9;
					};
				};
			};
			buildConfigurationList = 071699802F02C68F001FDFF9 /* Build configuration list for PBXProject "LAIA" */;
			developmentRegion = en;
			hasScannedForEncodings = 0;
			knownRegions = (
				en,
				Base,
			);
			mainGroup = 0716997C2F02C68F001FDFF9;
			minimizedProjectReferenceProxies = 1;
			packageReferences = (
				071699B12F02C7AF001FDFF9 /* XCRemoteSwiftPackageReference "swift-collections" */,
				071699B22F02C7DA001FDFF9 /* XCRemoteSwiftPackageReference "onnxruntime-swift-package-manager" */,
				071699B32F02C7FF001FDFF9 /* XCRemoteSwiftPackageReference "mlx-swift" */,
				071699B42F02C819001FDFF9 /* XCRemoteSwiftPackageReference "WhisperKit" */,
				07169A362F03A658001FDFF9 /* XCRemoteSwiftPackageReference "mlx-swift-examples" */,
				07169A372F03BFDE001FDFF9 /* XCRemoteSwiftPackageReference "mlx-swift-lm" */,
				07MCP00032F0B0000001FDFF9 /* XCRemoteSwiftPackageReference "swift-sdk" */,
			);
			preferredProjectObjectVersion = 77;
			productRefGroup = 071699862F02C68F001FDFF9 /* Products */;
			projectDirPath = "";
			projectReferences = (
				{
					ProductGroup = 070ABFA42F093DE0004F05B3 /* Products */;
					ProjectRef = 070ABFA12F093DE0004F05B3 /* KokoroTestApp.xcodeproj */;
				},
			);
			projectRoot = "";
			targets = (
				071699842F02C68F001FDFF9 /* LAIA */,
				071699932F02C691001FDFF9 /* LAIATests */,
				0716999D2F02C692001FDFF9 /* LAIAUITests */,
			);
		};
/* End PBXProject section */

/* Begin PBXResourcesBuildPhase section */
		071699832F02C68F001FDFF9 /* Resources */ = {
			isa = PBXResourcesBuildPhase;
			buildActionMask = 2147483647;
			files = (
			);
			runOnlyForDeploymentPostprocessing = 0;
		};
		071699922F02C691001FDFF9 /* Resources */ = {
			isa = PBXResourcesBuildPhase;
			buildActionMask = 2147483647;
			files = (
			);
			runOnlyForDeploymentPostprocessing = 0;
		};
		0716999C2F02C692001FDFF9 /* Resources */ = {
			isa = PBXResourcesBuildPhase;
			buildActionMask = 2147483647;
			files = (
			);
			runOnlyForDeploymentPostprocessing = 0;
		};
/* End PBXResourcesBuildPhase section */

/* Begin PBXSourcesBuildPhase section */
		071699812F02C68F001FDFF9 /* Sources */ = {
			isa = PBXSourcesBuildPhase;
			buildActionMask = 2147483647;
			files = (
			);
			runOnlyForDeploymentPostprocessing = 0;
		};
		071699902F02C691001FDFF9 /* Sources */ = {
			isa = PBXSourcesBuildPhase;
			buildActionMask = 2147483647;
			files = (
			);
			runOnlyForDeploymentPostprocessing = 0;
		};
		0716999A2F02C692001FDFF9 /* Sources */ = {
			isa = PBXSourcesBuildPhase;
			buildActionMask = 2147483647;
			files = (
			);
			runOnlyForDeploymentPostprocessing = 0;
		};
/* End PBXSourcesBuildPhase section */

/* Begin PBXTargetDependency section */
		071699962F02C691001FDFF9 /* PBXTargetDependency */ = {
			isa = PBXTargetDependency;
			target = 071699842F02C68F001FDFF9 /* LAIA */;
			targetProxy = 071699952F02C691001FDFF9 /* PBXContainerItemProxy */;
		};
		071699A02F02C692001FDFF9 /* PBXTargetDependency */ = {
			isa = PBXTargetDependency;
			target = 071699842F02C68F001FDFF9 /* LAIA */;
			targetProxy = 0716999F2F02C692001FDFF9 /* PBXContainerItemProxy */;
		};
/* End PBXTargetDependency section */

/* Begin XCBuildConfiguration section */
		071699A62F02C692001FDFF9 /* Debug */ = {
			isa = XCBuildConfiguration;
			buildSettings = {
				ALWAYS_SEARCH_USER_PATHS = NO;
				ASSETCATALOG_COMPILER_GENERATE_SWIFT_ASSET_SYMBOL_EXTENSIONS = YES;
				CLANG_ANALYZER_NONNULL = YES;
				CLANG_ANALYZER_NUMBER_OBJECT_CONVERSION = YES_AGGRESSIVE;
				CLANG_CXX_LANGUAGE_STANDARD = "gnu++20";
				CLANG_ENABLE_MODULES = YES;
				CLANG_ENABLE_OBJC_ARC = YES;
				CLANG_ENABLE_OBJC_WEAK = YES;
				CLANG_WARN_BLOCK_CAPTURE_AUTORELEASING = YES;
				CLANG_WARN_BOOL_CONVERSION = YES;
				CLANG_WARN_COMMA = YES;
				CLANG_WARN_CONSTANT_CONVERSION = YES;
				CLANG_WARN_DEPRECATED_OBJC_IMPLEMENTATIONS = YES;
				CLANG_WARN_DIRECT_OBJC_ISA_USAGE = YES_ERROR;
				CLANG_WARN_DOCUMENTATION_COMMENTS = YES;
				CLANG_WARN_EMPTY_BODY = YES;
				CLANG_WARN_ENUM_CONVERSION = YES;
				CLANG_WARN_INFINITE_RECURSION = YES;
				CLANG_WARN_INT_CONVERSION = YES;
				CLANG_WARN_NON_LITERAL_NULL_CONVERSION = YES;
				CLANG_WARN_OBJC_IMPLICIT_RETAIN_SELF = YES;
				CLANG_WARN_OBJC_LITERAL_CONVERSION = YES;
				CLANG_WARN_OBJC_ROOT_CLASS = YES_ERROR;
				CLANG_WARN_QUOTED_INCLUDE_IN_FRAMEWORK_HEADER = YES;
				CLANG_WARN_RANGE_LOOP_ANALYSIS = YES;
				CLANG_WARN_STRICT_PROTOTYPES = YES;
				CLANG_WARN_SUSPICIOUS_MOVE = YES;
				CLANG_WARN_UNGUARDED_AVAILABILITY = YES_AGGRESSIVE;
				CLANG_WARN_UNREACHABLE_CODE = YES;
				CLANG_WARN__DUPLICATE_METHOD_MATCH = YES;
				COPY_PHASE_STRIP = NO;
				DEBUG_INFORMATION_FORMAT = dwarf;
				DEVELOPMENT_TEAM = UAVT76BDCW;
				ENABLE_DEBUG_DYLIB = NO;
				ENABLE_STRICT_OBJC_MSGSEND = YES;
				ENABLE_TESTABILITY = YES;
				ENABLE_USER_SCRIPT_SANDBOXING = YES;
				GCC_C_LANGUAGE_STANDARD = gnu17;
				GCC_DYNAMIC_NO_PIC = NO;
				GCC_NO_COMMON_BLOCKS = YES;
				GCC_OPTIMIZATION_LEVEL = fast;
				GCC_PREPROCESSOR_DEFINITIONS = (
					"DEBUG=1",
					"$(inherited)",
				);
				GCC_WARN_64_TO_32_BIT_CONVERSION = YES;
				GCC_WARN_ABOUT_RETURN_TYPE = YES_ERROR;
				GCC_WARN_UNDECLARED_SELECTOR = YES;
				GCC_WARN_UNINITIALIZED_AUTOS = YES_AGGRESSIVE;
				GCC_WARN_UNUSED_FUNCTION = YES;
				GCC_WARN_UNUSED_VARIABLE = YES;
				IPHONEOS_DEPLOYMENT_TARGET = 26.2;
				LOCALIZATION_PREFERS_STRING_CATALOGS = YES;
				MTL_ENABLE_DEBUG_INFO = INCLUDE_SOURCE;
				MTL_FAST_MATH = YES;
				ONLY_ACTIVE_ARCH = YES;
				SDKROOT = iphoneos;
				SWIFT_ACTIVE_COMPILATION_CONDITIONS = "DEBUG $(inherited)";
				SWIFT_OBJC_INTEROP_MODE = objcxx;
				SWIFT_OPTIMIZATION_LEVEL = "-Onone";
				SWIFT_VERSION = 6.0;
			};
			name = Debug;
		};
		071699A72F02C692001FDFF9 /* Release */ = {
			isa = XCBuildConfiguration;
			buildSettings = {
				ALWAYS_SEARCH_USER_PATHS = NO;
				ASSETCATALOG_COMPILER_GENERATE_SWIFT_ASSET_SYMBOL_EXTENSIONS = YES;
				CLANG_ANALYZER_NONNULL = YES;
				CLANG_ANALYZER_NUMBER_OBJECT_CONVERSION = YES_AGGRESSIVE;
				CLANG_CXX_LANGUAGE_STANDARD = "gnu++20";
				CLANG_ENABLE_MODULES = YES;
				CLANG_ENABLE_OBJC_ARC = YES;
				CLANG_ENABLE_OBJC_WEAK = YES;
				CLANG_WARN_BLOCK_CAPTURE_AUTORELEASING = YES;
				CLANG_WARN_BOOL_CONVERSION = YES;
				CLANG_WARN_COMMA = YES;
				CLANG_WARN_CONSTANT_CONVERSION = YES;
				CLANG_WARN_DEPRECATED_OBJC_IMPLEMENTATIONS = YES;
				CLANG_WARN_DIRECT_OBJC_ISA_USAGE = YES_ERROR;
				CLANG_WARN_DOCUMENTATION_COMMENTS = YES;
				CLANG_WARN_EMPTY_BODY = YES;
				CLANG_WARN_ENUM_CONVERSION = YES;
				CLANG_WARN_INFINITE_RECURSION = YES;
				CLANG_WARN_INT_CONVERSION = YES;
				CLANG_WARN_NON_LITERAL_NULL_CONVERSION = YES;
				CLANG_WARN_OBJC_IMPLICIT_RETAIN_SELF = YES;
				CLANG_WARN_OBJC_LITERAL_CONVERSION = YES;
				CLANG_WARN_OBJC_ROOT_CLASS = YES_ERROR;
				CLANG_WARN_QUOTED_INCLUDE_IN_FRAMEWORK_HEADER = YES;
				CLANG_WARN_RANGE_LOOP_ANALYSIS = YES;
				CLANG_WARN_STRICT_PROTOTYPES = YES;
				CLANG_WARN_SUSPICIOUS_MOVE = YES;
				CLANG_WARN_UNGUARDED_AVAILABILITY = YES_AGGRESSIVE;
				CLANG_WARN_UNREACHABLE_CODE = YES;
				CLANG_WARN__DUPLICATE_METHOD_MATCH = YES;
				COPY_PHASE_STRIP = NO;
				DEBUG_INFORMATION_FORMAT = "dwarf-with-dsym";
				DEVELOPMENT_TEAM = UAVT76BDCW;
				ENABLE_NS_ASSERTIONS = NO;
				ENABLE_STRICT_OBJC_MSGSEND = YES;
				ENABLE_USER_SCRIPT_SANDBOXING = YES;
				GCC_C_LANGUAGE_STANDARD = gnu17;
				GCC_NO_COMMON_BLOCKS = YES;
				GCC_OPTIMIZATION_LEVEL = fast;
				GCC_WARN_64_TO_32_BIT_CONVERSION = YES;
				GCC_WARN_ABOUT_RETURN_TYPE = YES_ERROR;
				GCC_WARN_UNDECLARED_SELECTOR = YES;
				GCC_WARN_UNINITIALIZED_AUTOS = YES_AGGRESSIVE;
				GCC_WARN_UNUSED_FUNCTION = YES;
				GCC_WARN_UNUSED_VARIABLE = YES;
				IPHONEOS_DEPLOYMENT_TARGET = 26.2;
				LOCALIZATION_PREFERS_STRING_CATALOGS = YES;
				MTL_ENABLE_DEBUG_INFO = NO;
				MTL_FAST_MATH = YES;
				SDKROOT = iphoneos;
				SWIFT_COMPILATION_MODE = wholemodule;
				SWIFT_OBJC_INTEROP_MODE = objcxx;
				SWIFT_VERSION = 6.0;
				VALIDATE_PRODUCT = YES;
			};
			name = Release;
		};
		071699A92F02C692001FDFF9 /* Debug */ = {
			isa = XCBuildConfiguration;
			buildSettings = {
				ASSETCATALOG_COMPILER_APPICON_NAME = AppIcon;
				ASSETCATALOG_COMPILER_GLOBAL_ACCENT_COLOR_NAME = AccentColor;
				CODE_SIGN_ENTITLEMENTS = LAIA/LAIA.entitlements;
				CODE_SIGN_STYLE = Automatic;
				CURRENT_PROJECT_VERSION = 1;
				DEVELOPMENT_TEAM = UAVT76BDCW;
				ENABLE_PREVIEWS = YES;
				GENERATE_INFOPLIST_FILE = YES;
				INFOPLIST_FILE = LAIA/Info.plist;
				INFOPLIST_KEY_LSApplicationCategoryType = "";
				INFOPLIST_KEY_NSMicrophoneUsageDescription = "El asistente procesa tu voz localmente para responder a tus comandos.";
				INFOPLIST_KEY_UIApplicationSceneManifest_Generation = YES;
				INFOPLIST_KEY_UIApplicationSupportsIndirectInputEvents = YES;
				INFOPLIST_KEY_UILaunchScreen_Generation = YES;
				INFOPLIST_KEY_UISupportedInterfaceOrientations_iPad = "UIInterfaceOrientationPortrait UIInterfaceOrientationPortraitUpsideDown UIInterfaceOrientationLandscapeLeft UIInterfaceOrientationLandscapeRight";
				INFOPLIST_KEY_UISupportedInterfaceOrientations_iPhone = "UIInterfaceOrientationPortrait UIInterfaceOrientationLandscapeLeft UIInterfaceOrientationLandscapeRight";
				LD_RUNPATH_SEARCH_PATHS = (
					"$(inherited)",
					"@executable_path/Frameworks",
				);
				MARKETING_VERSION = 1.0;
				PRODUCT_BUNDLE_IDENTIFIER = orenetalabs.LAIA;
				PRODUCT_NAME = "$(TARGET_NAME)";
				STRING_CATALOG_GENERATE_SYMBOLS = YES;
				SWIFT_APPROACHABLE_CONCURRENCY = YES;
				SWIFT_DEFAULT_ACTOR_ISOLATION = MainActor;
				SWIFT_EMIT_LOC_STRINGS = YES;
				SWIFT_UPCOMING_FEATURE_MEMBER_IMPORT_VISIBILITY = YES;
				SWIFT_VERSION = 5.0;
				TARGETED_DEVICE_FAMILY = "1,2";
			};
			name = Debug;
		};
		071699AA2F02C692001FDFF9 /* Release */ = {
			isa = XCBuildConfiguration;
			buildSettings = {
				ASSETCATALOG_COMPILER_APPICON_NAME = AppIcon;
				ASSETCATALOG_COMPILER_GLOBAL_ACCENT_COLOR_NAME = AccentColor;
				CODE_SIGN_ENTITLEMENTS = LAIA/LAIARelease.entitlements;
				CODE_SIGN_STYLE = Automatic;
				CURRENT_PROJECT_VERSION = 1;
				DEVELOPMENT_TEAM = UAVT76BDCW;
				ENABLE_PREVIEWS = YES;
				GENERATE_INFOPLIST_FILE = YES;
				INFOPLIST_FILE = LAIA/Info.plist;
				INFOPLIST_KEY_LSApplicationCategoryType = "";
				INFOPLIST_KEY_NSMicrophoneUsageDescription = "El asistente procesa tu voz localmente para responder a tus comandos.";
				INFOPLIST_KEY_UIApplicationSceneManifest_Generation = YES;
				INFOPLIST_KEY_UIApplicationSupportsIndirectInputEvents = YES;
				INFOPLIST_KEY_UILaunchScreen_Generation = YES;
				INFOPLIST_KEY_UISupportedInterfaceOrientations_iPad = "UIInterfaceOrientationPortrait UIInterfaceOrientationPortraitUpsideDown UIInterfaceOrientationLandscapeLeft UIInterfaceOrientationLandscapeRight";
				INFOPLIST_KEY_UISupportedInterfaceOrientations_iPhone = "UIInterfaceOrientationPortrait UIInterfaceOrientationLandscapeLeft UIInterfaceOrientationLandscapeRight";
				LD_RUNPATH_SEARCH_PATHS = (
					"$(inherited)",
					"@executable_path/Frameworks",
				);
				MARKETING_VERSION = 1.0;
				PRODUCT_BUNDLE_IDENTIFIER = orenetalabs.LAIA;
				PRODUCT_NAME = "$(TARGET_NAME)";
				STRING_CATALOG_GENERATE_SYMBOLS = YES;
				SWIFT_APPROACHABLE_CONCURRENCY = YES;
				SWIFT_DEFAULT_ACTOR_ISOLATION = MainActor;
				SWIFT_EMIT_LOC_STRINGS = YES;
				SWIFT_UPCOMING_FEATURE_MEMBER_IMPORT_VISIBILITY = YES;
				SWIFT_VERSION = 5.0;
				TARGETED_DEVICE_FAMILY = "1,2";
			};
			name = Release;
		};
		071699AC2F02C692001FDFF9 /* Debug */ = {
			isa = XCBuildConfiguration;
			buildSettings = {
				BUNDLE_LOADER = "$(TEST_HOST)";
				CODE_SIGN_STYLE = Automatic;
				CURRENT_PROJECT_VERSION = 1;
				DEVELOPMENT_TEAM = UAVT76BDCW;
				GENERATE_INFOPLIST_FILE = YES;
				IPHONEOS_DEPLOYMENT_TARGET = 26.2;
				MARKETING_VERSION = 1.0;
				PRODUCT_BUNDLE_IDENTIFIER = orenetalabs.LAIATests;
				PRODUCT_NAME = "$(TARGET_NAME)";
				STRING_CATALOG_GENERATE_SYMBOLS = NO;
				SWIFT_APPROACHABLE_CONCURRENCY = YES;
				SWIFT_EMIT_LOC_STRINGS = NO;
				SWIFT_UPCOMING_FEATURE_MEMBER_IMPORT_VISIBILITY = YES;
				SWIFT_VERSION = 5.0;
				TARGETED_DEVICE_FAMILY = "1,2";
				TEST_HOST = "$(BUILT_PRODUCTS_DIR)/LAIA.app/$(BUNDLE_EXECUTABLE_FOLDER_PATH)/LAIA";
			};
			name = Debug;
		};
		071699AD2F02C692001FDFF9 /* Release */ = {
			isa = XCBuildConfiguration;
			buildSettings = {
				BUNDLE_LOADER = "$(TEST_HOST)";
				CODE_SIGN_STYLE = Automatic;
				CURRENT_PROJECT_VERSION = 1;
				DEVELOPMENT_TEAM = UAVT76BDCW;
				GENERATE_INFOPLIST_FILE = YES;
				IPHONEOS_DEPLOYMENT_TARGET = 26.2;
				MARKETING_VERSION = 1.0;
				PRODUCT_BUNDLE_IDENTIFIER = orenetalabs.LAIATests;
				PRODUCT_NAME = "$(TARGET_NAME)";
				STRING_CATALOG_GENERATE_SYMBOLS = NO;
				SWIFT_APPROACHABLE_CONCURRENCY = YES;
				SWIFT_EMIT_LOC_STRINGS = NO;
				SWIFT_UPCOMING_FEATURE_MEMBER_IMPORT_VISIBILITY = YES;
				SWIFT_VERSION = 5.0;
				TARGETED_DEVICE_FAMILY = "1,2";
				TEST_HOST = "$(BUILT_PRODUCTS_DIR)/LAIA.app/$(BUNDLE_EXECUTABLE_FOLDER_PATH)/LAIA";
			};
			name = Release;
		};
		071699AF2F02C692001FDFF9 /* Debug */ = {
			isa = XCBuildConfiguration;
			buildSettings = {
				CODE_SIGN_STYLE = Automatic;
				CURRENT_PROJECT_VERSION = 1;
				DEVELOPMENT_TEAM = UAVT76BDCW;
				GENERATE_INFOPLIST_FILE = YES;
				MARKETING_VERSION = 1.0;
				PRODUCT_BUNDLE_IDENTIFIER = orenetalabs.LAIAUITests;
				PRODUCT_NAME = "$(TARGET_NAME)";
				STRING_CATALOG_GENERATE_SYMBOLS = NO;
				SWIFT_APPROACHABLE_CONCURRENCY = YES;
				SWIFT_EMIT_LOC_STRINGS = NO;
				SWIFT_UPCOMING_FEATURE_MEMBER_IMPORT_VISIBILITY = YES;
				SWIFT_VERSION = 5.0;
				TARGETED_DEVICE_FAMILY = "1,2";
				TEST_TARGET_NAME = LAIA;
			};
			name = Debug;
		};
		071699B02F02C692001FDFF9 /* Release */ = {
			isa = XCBuildConfiguration;
			buildSettings = {
				CODE_SIGN_STYLE = Automatic;
				CURRENT_PROJECT_VERSION = 1;
				DEVELOPMENT_TEAM = UAVT76BDCW;
				GENERATE_INFOPLIST_FILE = YES;
				MARKETING_VERSION = 1.0;
				PRODUCT_BUNDLE_IDENTIFIER = orenetalabs.LAIAUITests;
				PRODUCT_NAME = "$(TARGET_NAME)";
				STRING_CATALOG_GENERATE_SYMBOLS = NO;
				SWIFT_APPROACHABLE_CONCURRENCY = YES;
				SWIFT_EMIT_LOC_STRINGS = NO;
				SWIFT_UPCOMING_FEATURE_MEMBER_IMPORT_VISIBILITY = YES;
				SWIFT_VERSION = 5.0;
				TARGETED_DEVICE_FAMILY = "1,2";
				TEST_TARGET_NAME = LAIA;
			};
			name = Release;
		};
/* End XCBuildConfiguration section */

/* Begin XCConfigurationList section */
		071699802F02C68F001FDFF9 /* Build configuration list for PBXProject "LAIA" */ = {
			isa = XCConfigurationList;
			buildConfigurations = (
				071699A62F02C692001FDFF9 /* Debug */,
				071699A72F02C692001FDFF9 /* Release */,
			);
			defaultConfigurationIsVisible = 0;
			defaultConfigurationName = Release;
		};
		071699A82F02C692001FDFF9 /* Build configuration list for PBXNativeTarget "LAIA" */ = {
			isa = XCConfigurationList;
			buildConfigurations = (
				071699A92F02C692001FDFF9 /* Debug */,
				071699AA2F02C692001FDFF9 /* Release */,
			);
			defaultConfigurationIsVisible = 0;
			defaultConfigurationName = Release;
		};
		071699AB2F02C692001FDFF9 /* Build configuration list for PBXNativeTarget "LAIATests" */ = {
			isa = XCConfigurationList;
			buildConfigurations = (
				071699AC2F02C692001FDFF9 /* Debug */,
				071699AD2F02C692001FDFF9 /* Release */,
			);
			defaultConfigurationIsVisible = 0;
			defaultConfigurationName = Release;
		};
		071699AE2F02C692001FDFF9 /* Build configuration list for PBXNativeTarget "LAIAUITests" */ = {
			isa = XCConfigurationList;
			buildConfigurations = (
				071699AF2F02C692001FDFF9 /* Debug */,
				071699B02F02C692001FDFF9 /* Release */,
			);
			defaultConfigurationIsVisible = 0;
			defaultConfigurationName = Release;
		};
/* End XCConfigurationList section */

/* Begin XCRemoteSwiftPackageReference section */
		071699B12F02C7AF001FDFF9 /* XCRemoteSwiftPackageReference "swift-collections" */ = {
			isa = XCRemoteSwiftPackageReference;
			repositoryURL = "https://github.com/apple/swift-collections.git";
			requirement = {
				kind = upToNextMajorVersion;
				minimumVersion = 1.3.0;
			};
		};
		071699B22F02C7DA001FDFF9 /* XCRemoteSwiftPackageReference "onnxruntime-swift-package-manager" */ = {
			isa = XCRemoteSwiftPackageReference;
			repositoryURL = "https://github.com/microsoft/onnxruntime-swift-package-manager";
			requirement = {
				kind = upToNextMajorVersion;
				minimumVersion = 1.20.0;
			};
		};
		071699B32F02C7FF001FDFF9 /* XCRemoteSwiftPackageReference "mlx-swift" */ = {
			isa = XCRemoteSwiftPackageReference;
			repositoryURL = "https://github.com/ml-explore/mlx-swift";
			requirement = {
				kind = upToNextMajorVersion;
				minimumVersion = 0.29.1;
			};
		};
		071699B42F02C819001FDFF9 /* XCRemoteSwiftPackageReference "WhisperKit" */ = {
			isa = XCRemoteSwiftPackageReference;
			repositoryURL = "https://github.com/argmaxinc/WhisperKit";
			requirement = {
				branch = main;
				kind = branch;
			};
		};
		07169A362F03A658001FDFF9 /* XCRemoteSwiftPackageReference "mlx-swift-examples" */ = {
			isa = XCRemoteSwiftPackageReference;
			repositoryURL = "https://github.com/ml-explore/mlx-swift-examples";
			requirement = {
				branch = main;
				kind = branch;
			};
		};
		07169A372F03BFDE001FDFF9 /* XCRemoteSwiftPackageReference "mlx-swift-lm" */ = {
			isa = XCRemoteSwiftPackageReference;
			repositoryURL = "https://github.com/ml-explore/mlx-swift-lm";
			requirement = {
				branch = main;
				kind = branch;
			};
		};
		07MCP00032F0B0000001FDFF9 /* XCRemoteSwiftPackageReference "swift-sdk" */ = {
			isa = XCRemoteSwiftPackageReference;
			repositoryURL = "https://github.com/modelcontextprotocol/swift-sdk.git";
			requirement = {
				kind = upToNextMinorVersion;
				minimumVersion = 0.10.0;
			};
		};
/* End XCRemoteSwiftPackageReference section */

/* Begin XCSwiftPackageProductDependency section */
		07169A8F2F03C9CF001FDFF9 /* MLX */ = {
			isa = XCSwiftPackageProductDependency;
			package = 071699B32F02C7FF001FDFF9 /* XCRemoteSwiftPackageReference "mlx-swift" */;
			productName = MLX;
		};
		07169A912F03C9E3001FDFF9 /* MLXLLM */ = {
			isa = XCSwiftPackageProductDependency;
			package = 07169A372F03BFDE001FDFF9 /* XCRemoteSwiftPackageReference "mlx-swift-lm" */;
			productName = MLXLLM;
		};
		07169A932F03C9F7001FDFF9 /* MLXLMCommon */ = {
			isa = XCSwiftPackageProductDependency;
			package = 07169A372F03BFDE001FDFF9 /* XCRemoteSwiftPackageReference "mlx-swift-lm" */;
			productName = MLXLMCommon;
		};
		07MCP00022F0B0000001FDFF9 /* MCP */ = {
			isa = XCSwiftPackageProductDependency;
			package = 07MCP00032F0B0000001FDFF9 /* XCRemoteSwiftPackageReference "swift-sdk" */;
			productName = MCP;
		};
/* End XCSwiftPackageProductDependency section */
	};
	rootObject = 0716997D2F02C68F001FDFF9 /* Project object */;
}
